// !$*UTF8*$!
{
	archiveVersion = 1;
	classes = {
	};
	objectVersion = 46;
	objects = {

/* Begin PBXBuildFile section */
		204416771BE7A958009D3692 /* AppDelegate.swift in Sources */ = {isa = PBXBuildFile; fileRef = 204416761BE7A958009D3692 /* AppDelegate.swift */; };
		204416791BE7A958009D3692 /* ViewController.swift in Sources */ = {isa = PBXBuildFile; fileRef = 204416781BE7A958009D3692 /* ViewController.swift */; };
		2044167C1BE7A958009D3692 /* Main.storyboard in Resources */ = {isa = PBXBuildFile; fileRef = 2044167A1BE7A958009D3692 /* Main.storyboard */; };
		2044167E1BE7A958009D3692 /* Assets.xcassets in Resources */ = {isa = PBXBuildFile; fileRef = 2044167D1BE7A958009D3692 /* Assets.xcassets */; };
		204416811BE7A958009D3692 /* LaunchScreen.storyboard in Resources */ = {isa = PBXBuildFile; fileRef = 2044167F1BE7A958009D3692 /* LaunchScreen.storyboard */; };
		2044168C1BE7A958009D3692 /* StringExtensionTests.swift in Sources */ = {isa = PBXBuildFile; fileRef = 2044168B1BE7A958009D3692 /* StringExtensionTests.swift */; };
/* End PBXBuildFile section */

/* Begin PBXContainerItemProxy section */
		204416881BE7A958009D3692 /* PBXContainerItemProxy */ = {
			isa = PBXContainerItemProxy;
			containerPortal = 2044166B1BE7A958009D3692 /* Project object */;
			proxyType = 1;
			remoteGlobalIDString = 204416721BE7A958009D3692;
			remoteInfo = StringExtension;
		};
/* End PBXContainerItemProxy section */

/* Begin PBXFileReference section */
		204416731BE7A958009D3692 /* StringExtension.app */ = {isa = PBXFileReference; explicitFileType = wrapper.application; includeInIndex = 0; path = StringExtension.app; sourceTree = BUILT_PRODUCTS_DIR; };
		204416761BE7A958009D3692 /* AppDelegate.swift */ = {isa = PBXFileReference; lastKnownFileType = sourcecode.swift; path = AppDelegate.swift; sourceTree = "<group>"; };
		204416781BE7A958009D3692 /* ViewController.swift */ = {isa = PBXFileReference; lastKnownFileType = sourcecode.swift; path = ViewController.swift; sourceTree = "<group>"; };
		2044167B1BE7A958009D3692 /* Base */ = {isa = PBXFileReference; lastKnownFileType = file.storyboard; name = Base; path = Base.lproj/Main.storyboard; sourceTree = "<group>"; };
		2044167D1BE7A958009D3692 /* Assets.xcassets */ = {isa = PBXFileReference; lastKnownFileType = folder.assetcatalog; path = Assets.xcassets; sourceTree = "<group>"; };
		204416801BE7A958009D3692 /* Base */ = {isa = PBXFileReference; lastKnownFileType = file.storyboard; name = Base; path = Base.lproj/LaunchScreen.storyboard; sourceTree = "<group>"; };
		204416821BE7A958009D3692 /* Info.plist */ = {isa = PBXFileReference; lastKnownFileType = text.plist.xml; path = Info.plist; sourceTree = "<group>"; };
		204416871BE7A958009D3692 /* StringExtensionTests.xctest */ = {isa = PBXFileReference; explicitFileType = wrapper.cfbundle; includeInIndex = 0; path = StringExtensionTests.xctest; sourceTree = BUILT_PRODUCTS_DIR; };
		2044168B1BE7A958009D3692 /* StringExtensionTests.swift */ = {isa = PBXFileReference; lastKnownFileType = sourcecode.swift; path = StringExtensionTests.swift; sourceTree = "<group>"; };
		2044168D1BE7A958009D3692 /* Info.plist */ = {isa = PBXFileReference; lastKnownFileType = text.plist.xml; path = Info.plist; sourceTree = "<group>"; };
/* End PBXFileReference section */

/* Begin PBXFrameworksBuildPhase section */
		204416701BE7A958009D3692 /* Frameworks */ = {
			isa = PBXFrameworksBuildPhase;
			buildActionMask = 2147483647;
			files = (
			);
			runOnlyForDeploymentPostprocessing = 0;
		};
		204416841BE7A958009D3692 /* Frameworks */ = {
			isa = PBXFrameworksBuildPhase;
			buildActionMask = 2147483647;
			files = (
			);
			runOnlyForDeploymentPostprocessing = 0;
		};
/* End PBXFrameworksBuildPhase section */

/* Begin PBXGroup section */
		2044166A1BE7A958009D3692 = {
			isa = PBXGroup;
			children = (
				204416751BE7A958009D3692 /* StringExtension */,
				2044168A1BE7A958009D3692 /* StringExtensionTests */,
				204416741BE7A958009D3692 /* Products */,
			);
			sourceTree = "<group>";
		};
		204416741BE7A958009D3692 /* Products */ = {
			isa = PBXGroup;
			children = (
				204416731BE7A958009D3692 /* StringExtension.app */,
				204416871BE7A958009D3692 /* StringExtensionTests.xctest */,
			);
			name = Products;
			sourceTree = "<group>";
		};
		204416751BE7A958009D3692 /* StringExtension */ = {
			isa = PBXGroup;
			children = (
				204416761BE7A958009D3692 /* AppDelegate.swift */,
				204416781BE7A958009D3692 /* ViewController.swift */,
				2044167A1BE7A958009D3692 /* Main.storyboard */,
				2044167D1BE7A958009D3692 /* Assets.xcassets */,
				2044167F1BE7A958009D3692 /* LaunchScreen.storyboard */,
				204416821BE7A958009D3692 /* Info.plist */,
			);
			path = StringExtension;
			sourceTree = "<group>";
		};
		2044168A1BE7A958009D3692 /* StringExtensionTests */ = {
			isa = PBXGroup;
			children = (
				2044168B1BE7A958009D3692 /* StringExtensionTests.swift */,
				2044168D1BE7A958009D3692 /* Info.plist */,
			);
			path = StringExtensionTests;
			sourceTree = "<group>";
		};
/* End PBXGroup section */

/* Begin PBXNativeTarget section */
		204416721BE7A958009D3692 /* StringExtension */ = {
			isa = PBXNativeTarget;
			buildConfigurationList = 204416901BE7A958009D3692 /* Build configuration list for PBXNativeTarget "StringExtension" */;
			buildPhases = (
				2044166F1BE7A958009D3692 /* Sources */,
				204416701BE7A958009D3692 /* Frameworks */,
				204416711BE7A958009D3692 /* Resources */,
			);
			buildRules = (
			);
			dependencies = (
			);
			name = StringExtension;
			productName = StringExtension;
			productReference = 204416731BE7A958009D3692 /* StringExtension.app */;
			productType = "com.apple.product-type.application";
		};
		204416861BE7A958009D3692 /* StringExtensionTests */ = {
			isa = PBXNativeTarget;
			buildConfigurationList = 204416931BE7A958009D3692 /* Build configuration list for PBXNativeTarget "StringExtensionTests" */;
			buildPhases = (
				204416831BE7A958009D3692 /* Sources */,
				204416841BE7A958009D3692 /* Frameworks */,
				204416851BE7A958009D3692 /* Resources */,
			);
			buildRules = (
			);
			dependencies = (
				204416891BE7A958009D3692 /* PBXTargetDependency */,
			);
			name = StringExtensionTests;
			productName = StringExtensionTests;
			productReference = 204416871BE7A958009D3692 /* StringExtensionTests.xctest */;
			productType = "com.apple.product-type.bundle.unit-test";
		};
/* End PBXNativeTarget section */

/* Begin PBXProject section */
		2044166B1BE7A958009D3692 /* Project object */ = {
			isa = PBXProject;
			attributes = {
				LastUpgradeCheck = 0700;
				ORGANIZATIONNAME = Sheepy;
				TargetAttributes = {
					204416721BE7A958009D3692 = {
						CreatedOnToolsVersion = 7.0.1;
					};
					204416861BE7A958009D3692 = {
						CreatedOnToolsVersion = 7.0.1;
						TestTargetID = 204416721BE7A958009D3692;
					};
				};
			};
			buildConfigurationList = 2044166E1BE7A958009D3692 /* Build configuration list for PBXProject "StringExtension" */;
			compatibilityVersion = "Xcode 3.2";
			developmentRegion = English;
			hasScannedForEncodings = 0;
			knownRegions = (
				en,
				Base,
			);
			mainGroup = 2044166A1BE7A958009D3692;
			productRefGroup = 204416741BE7A958009D3692 /* Products */;
			projectDirPath = "";
			projectRoot = "";
			targets = (
				204416721BE7A958009D3692 /* StringExtension */,
				204416861BE7A958009D3692 /* StringExtensionTests */,
			);
		};
/* End PBXProject section */

/* Begin PBXResourcesBuildPhase section */
		204416711BE7A958009D3692 /* Resources */ = {
			isa = PBXResourcesBuildPhase;
			buildActionMask = 2147483647;
			files = (
				204416811BE7A958009D3692 /* LaunchScreen.storyboard in Resources */,
				2044167E1BE7A958009D3692 /* Assets.xcassets in Resources */,
				2044167C1BE7A958009D3692 /* Main.storyboard in Resources */,
			);
			runOnlyForDeploymentPostprocessing = 0;
		};
		204416851BE7A958009D3692 /* Resources */ = {
			isa = PBXResourcesBuildPhase;
			buildActionMask = 2147483647;
			files = (
			);
			runOnlyForDeploymentPostprocessing = 0;
		};
/* End PBXResourcesBuildPhase section */

/* Begin PBXSourcesBuildPhase section */
		2044166F1BE7A958009D3692 /* Sources */ = {
			isa = PBXSourcesBuildPhase;
			buildActionMask = 2147483647;
			files = (
				204416791BE7A958009D3692 /* ViewController.swift in Sources */,
				204416771BE7A958009D3692 /* AppDelegate.swift in Sources */,
			);
			runOnlyForDeploymentPostprocessing = 0;
		};
		204416831BE7A958009D3692 /* Sources */ = {
			isa = PBXSourcesBuildPhase;
			buildActionMask = 2147483647;
			files = (
				2044168C1BE7A958009D3692 /* StringExtensionTests.swift in Sources */,
			);
			runOnlyForDeploymentPostprocessing = 0;
		};
/* End PBXSourcesBuildPhase section */

/* Begin PBXTargetDependency section */
		204416891BE7A958009D3692 /* PBXTargetDependency */ = {
			isa = PBXTargetDependency;
			target = 204416721BE7A958009D3692 /* StringExtension */;
			targetProxy = 204416881BE7A958009D3692 /* PBXContainerItemProxy */;
		};
/* End PBXTargetDependency section */

/* Begin PBXVariantGroup section */
		2044167A1BE7A958009D3692 /* Main.storyboard */ = {
			isa = PBXVariantGroup;
			children = (
				2044167B1BE7A958009D3692 /* Base */,
			);
			name = Main.storyboard;
			sourceTree = "<group>";
		};
		2044167F1BE7A958009D3692 /* LaunchScreen.storyboard */ = {
			isa = PBXVariantGroup;
			children = (
				204416801BE7A958009D3692 /* Base */,
			);
			name = LaunchScreen.storyboard;
			sourceTree = "<group>";
		};
/* End PBXVariantGroup section */

/* Begin XCBuildConfiguration section */
		2044168E1BE7A958009D3692 /* Debug */ = {
			isa = XCBuildConfiguration;
			buildSettings = {
				ALWAYS_SEARCH_USER_PATHS = NO;
				CLANG_CXX_LANGUAGE_STANDARD = "gnu++0x";
				CLANG_CXX_LIBRARY = "libc++";
				CLANG_ENABLE_MODULES = YES;
				CLANG_ENABLE_OBJC_ARC = YES;
				CLANG_WARN_BOOL_CONVERSION = YES;
				CLANG_WARN_CONSTANT_CONVERSION = YES;
				CLANG_WARN_DIRECT_OBJC_ISA_USAGE = YES_ERROR;
				CLANG_WARN_EMPTY_BODY = YES;
				CLANG_WARN_ENUM_CONVERSION = YES;
				CLANG_WARN_INT_CONVERSION = YES;
				CLANG_WARN_OBJC_ROOT_CLASS = YES_ERROR;
				CLANG_WARN_UNREACHABLE_CODE = YES;
				CLANG_WARN__DUPLICATE_METHOD_MATCH = YES;
				"CODE_SIGN_IDENTITY[sdk=iphoneos*]" = "iPhone Developer";
				COPY_PHASE_STRIP = NO;
				DEBUG_INFORMATION_FORMAT = dwarf;
				ENABLE_STRICT_OBJC_MSGSEND = YES;
				ENABLE_TESTABILITY = YES;
				GCC_C_LANGUAGE_STANDARD = gnu99;
				GCC_DYNAMIC_NO_PIC = NO;
				GCC_NO_COMMON_BLOCKS = YES;
				GCC_OPTIMIZATION_LEVEL = 0;
				GCC_PREPROCESSOR_DEFINITIONS = (
					"DEBUG=1",
					"$(inherited)",
				);
				GCC_WARN_64_TO_32_BIT_CONVERSION = YES;
				GCC_WARN_ABOUT_RETURN_TYPE = YES_ERROR;
				GCC_WARN_UNDECLARED_SELECTOR = YES;
				GCC_WARN_UNINITIALIZED_AUTOS = YES_AGGRESSIVE;
				GCC_WARN_UNUSED_FUNCTION = YES;
				GCC_WARN_UNUSED_VARIABLE = YES;
				IPHONEOS_DEPLOYMENT_TARGET = 9.0;
				MTL_ENABLE_DEBUG_INFO = YES;
				ONLY_ACTIVE_ARCH = YES;
				SDKROOT = iphoneos;
				SWIFT_OPTIMIZATION_LEVEL = "-Onone";
			};
			name = Debug;
		};
		2044168F1BE7A958009D3692 /* Release */ = {
			isa = XCBuildConfiguration;
			buildSettings = {
				ALWAYS_SEARCH_USER_PATHS = NO;
				CLANG_CXX_LANGUAGE_STANDARD = "gnu++0x";
				CLANG_CXX_LIBRARY = "libc++";
				CLANG_ENABLE_MODULES = YES;
				CLANG_ENABLE_OBJC_ARC = YES;
				CLANG_WARN_BOOL_CONVERSION = YES;
				CLANG_WARN_CONSTANT_CONVERSION = YES;
				CLANG_WARN_DIRECT_OBJC_ISA_USAGE = YES_ERROR;
				CLANG_WARN_EMPTY_BODY = YES;
				CLANG_WARN_ENUM_CONVERSION = YES;
				CLANG_WARN_INT_CONVERSION = YES;
				CLANG_WARN_OBJC_ROOT_CLASS = YES_ERROR;
				CLANG_WARN_UNREACHABLE_CODE = YES;
				CLANG_WARN__DUPLICATE_METHOD_MATCH = YES;
				"CODE_SIGN_IDENTITY[sdk=iphoneos*]" = "iPhone Developer";
				COPY_PHASE_STRIP = NO;
				DEBUG_INFORMATION_FORMAT = "dwarf-with-dsym";
				ENABLE_NS_ASSERTIONS = NO;
				ENABLE_STRICT_OBJC_MSGSEND = YES;
				GCC_C_LANGUAGE_STANDARD = gnu99;
				GCC_NO_COMMON_BLOCKS = YES;
				GCC_WARN_64_TO_32_BIT_CONVERSION = YES;
				GCC_WARN_ABOUT_RETURN_TYPE = YES_ERROR;
				GCC_WARN_UNDECLARED_SELECTOR = YES;
				GCC_WARN_UNINITIALIZED_AUTOS = YES_AGGRESSIVE;
				GCC_WARN_UNUSED_FUNCTION = YES;
				GCC_WARN_UNUSED_VARIABLE = YES;
				IPHONEOS_DEPLOYMENT_TARGET = 9.0;
				MTL_ENABLE_DEBUG_INFO = NO;
				SDKROOT = iphoneos;
				VALIDATE_PRODUCT = YES;
			};
			name = Release;
		};
		204416911BE7A958009D3692 /* Debug */ = {
			isa = XCBuildConfiguration;
			buildSettings = {
				ASSETCATALOG_COMPILER_APPICON_NAME = AppIcon;
				INFOPLIST_FILE = StringExtension/Info.plist;
				LD_RUNPATH_SEARCH_PATHS = "$(inherited) @executable_path/Frameworks";
				PRODUCT_BUNDLE_IDENTIFIER = com.sheepy.StringExtension;
				PRODUCT_NAME = "$(TARGET_NAME)";
			};
			name = Debug;
		};
		204416921BE7A958009D3692 /* Release */ = {
			isa = XCBuildConfiguration;
			buildSettings = {
				ASSETCATALOG_COMPILER_APPICON_NAME = AppIcon;
				INFOPLIST_FILE = StringExtension/Info.plist;
				LD_RUNPATH_SEARCH_PATHS = "$(inherited) @executable_path/Frameworks";
				PRODUCT_BUNDLE_IDENTIFIER = com.sheepy.StringExtension;
				PRODUCT_NAME = "$(TARGET_NAME)";
			};
			name = Release;
		};
		204416941BE7A958009D3692 /* Debug */ = {
			isa = XCBuildConfiguration;
			buildSettings = {
				BUNDLE_LOADER = "$(TEST_HOST)";
				INFOPLIST_FILE = StringExtensionTests/Info.plist;
				LD_RUNPATH_SEARCH_PATHS = "$(inherited) @executable_path/Frameworks @loader_path/Frameworks";
				PRODUCT_BUNDLE_IDENTIFIER = com.sheepy.StringExtensionTests;
				PRODUCT_NAME = "$(TARGET_NAME)";
				TEST_HOST = "$(BUILT_PRODUCTS_DIR)/StringExtension.app/StringExtension";
			};
			name = Debug;
		};
		204416951BE7A958009D3692 /* Release */ = {
			isa = XCBuildConfiguration;
			buildSettings = {
				BUNDLE_LOADER = "$(TEST_HOST)";
				INFOPLIST_FILE = StringExtensionTests/Info.plist;
				LD_RUNPATH_SEARCH_PATHS = "$(inherited) @executable_path/Frameworks @loader_path/Frameworks";
				PRODUCT_BUNDLE_IDENTIFIER = com.sheepy.StringExtensionTests;
				PRODUCT_NAME = "$(TARGET_NAME)";
				TEST_HOST = "$(BUILT_PRODUCTS_DIR)/StringExtension.app/StringExtension";
			};
			name = Release;
		};
/* End XCBuildConfiguration section */

/* Begin XCConfigurationList section */
		2044166E1BE7A958009D3692 /* Build configuration list for PBXProject "StringExtension" */ = {
			isa = XCConfigurationList;
			buildConfigurations = (
				2044168E1BE7A958009D3692 /* Debug */,
				2044168F1BE7A958009D3692 /* Release */,
			);
			defaultConfigurationIsVisible = 0;
			defaultConfigurationName = Release;
		};
		204416901BE7A958009D3692 /* Build configuration list for PBXNativeTarget "StringExtension" */ = {
			isa = XCConfigurationList;
			buildConfigurations = (
				204416911BE7A958009D3692 /* Debug */,
				204416921BE7A958009D3692 /* Release */,
			);
			defaultConfigurationIsVisible = 0;
		};
		204416931BE7A958009D3692 /* Build configuration list for PBXNativeTarget "StringExtensionTests" */ = {
			isa = XCConfigurationList;
			buildConfigurations = (
				204416941BE7A958009D3692 /* Debug */,
				204416951BE7A958009D3692 /* Release */,
			);
			defaultConfigurationIsVisible = 0;
		};
/* End XCConfigurationList section */
	};
	rootObject = 2044166B1BE7A958009D3692 /* Project object */;
}
